
Microsoft Visual Studio Solution File, Format Version 12.00
# Visual Studio Version 17
VisualStudioVersion = 17.3.32901.215
MinimumVisualStudioVersion = 10.0.40219.1
Project("{FAE04EC0-301F-11D3-BF4B-00C04F79EFBC}") = "testApp1(MVC)", "testApp1(MVC)\testApp1(MVC).csproj", "{C9207439-86D8-4E60-A134-BF42AD676CBC}"
EndProject
Project("{FAE04EC0-301F-11D3-BF4B-00C04F79EFBC}") = "testApp1(MVC).Tests", "testApp1(MVC).Tests\testApp1(MVC).Tests.csproj", "{E23159E2-A2AE-44A9-8DF9-19A5BFA09FF6}"
EndProject
Global
	GlobalSection(SolutionConfigurationPlatforms) = preSolution
		Debug|Any CPU = Debug|Any CPU
		Release|Any CPU = Release|Any CPU
	EndGlobalSection
	GlobalSection(ProjectConfigurationPlatforms) = postSolution
		{C9207439-86D8-4E60-A134-BF42AD676CBC}.Debug|Any CPU.ActiveCfg = Debug|Any CPU
		{C9207439-86D8-4E60-A134-BF42AD676CBC}.Debug|Any CPU.Build.0 = Debug|Any CPU
		{C9207439-86D8-4E60-A134-BF42AD676CBC}.Release|Any CPU.ActiveCfg = Release|Any CPU
		{C9207439-86D8-4E60-A134-BF42AD676CBC}.Release|Any CPU.Build.0 = Release|Any CPU
		{E23159E2-A2AE-44A9-8DF9-19A5BFA09FF6}.Debug|Any CPU.ActiveCfg = Debug|Any CPU
		{E23159E2-A2AE-44A9-8DF9-19A5BFA09FF6}.Debug|Any CPU.Build.0 = Debug|Any CPU
		{E23159E2-A2AE-44A9-8DF9-19A5BFA09FF6}.Release|Any CPU.ActiveCfg = Release|Any CPU
		{E23159E2-A2AE-44A9-8DF9-19A5BFA09FF6}.Release|Any CPU.Build.0 = Release|Any CPU
	EndGlobalSection
	GlobalSection(SolutionProperties) = preSolution
		HideSolutionNode = FALSE
	EndGlobalSection
	GlobalSection(ExtensibilityGlobals) = postSolution
		SolutionGuid = {701B113B-F583-4A5D-BB4E-0EA66968E4BA}
	EndGlobalSection
EndGlobal
